
Microsoft Visual Studio Solution File, Format Version 12.00
# Visual Studio Version 17
VisualStudioVersion = 17.3.32825.248
MinimumVisualStudioVersion = 10.0.40219.1
Project("{9A19103F-16F7-4668-BE54-9A1E7A4F7556}") = "Pr4Sofa", "MyBudget\Pr4Sofa.csproj", "{EBC74F17-40C3-4A0E-A0F0-7F54CF88B092}"
EndProject
Global
	GlobalSection(SolutionConfigurationPlatforms) = preSolution
		Debug|Any CPU = Debug|Any CPU
		Release|Any CPU = Release|Any CPU
	EndGlobalSection
	GlobalSection(ProjectConfigurationPlatforms) = postSolution
		{EBC74F17-40C3-4A0E-A0F0-7F54CF88B092}.Debug|Any CPU.ActiveCfg = Debug|Any CPU
		{EBC74F17-40C3-4A0E-A0F0-7F54CF88B092}.Debug|Any CPU.Build.0 = Debug|Any CPU
		{EBC74F17-40C3-4A0E-A0F0-7F54CF88B092}.Release|Any CPU.ActiveCfg = Release|Any CPU
		{EBC74F17-40C3-4A0E-A0F0-7F54CF88B092}.Release|Any CPU.Build.0 = Release|Any CPU
	EndGlobalSection
	GlobalSection(SolutionProperties) = preSolution
		HideSolutionNode = FALSE
	EndGlobalSection
	GlobalSection(ExtensibilityGlobals) = postSolution
		SolutionGuid = {92908E1B-C4F8-4389-BF4D-7BAE5DD04CEE}
	EndGlobalSection
EndGlobal
